
Microsoft Visual Studio Solution File, Format Version 12.00
# Visual Studio Version 17
Project("{8BC9CEB8-8B4A-11D0-8D11-00A0C91BC942}") = "ALL_BUILD", "ALL_BUILD.vcxproj", "{9FBFF91B-C16C-3183-91F6-28C57B962E87}"
	ProjectSection(ProjectDependencies) = postProject
		{5E52B1A5-C2AD-3F48-B0F4-7F41A3CD4BF4} = {5E52B1A5-C2AD-3F48-B0F4-7F41A3CD4BF4}
		{5ABAD168-C370-3941-AB9F-BB479D53483C} = {5ABAD168-C370-3941-AB9F-BB479D53483C}
	EndProjectSection
EndProject
Project("{8BC9CEB8-8B4A-11D0-8D11-00A0C91BC942}") = "3_PoissonImageEditing", "3_PoissonImageEditing.vcxproj", "{5E52B1A5-C2AD-3F48-B0F4-7F41A3CD4BF4}"
	ProjectSection(ProjectDependencies) = postProject
		{5ABAD168-C370-3941-AB9F-BB479D53483C} = {5ABAD168-C370-3941-AB9F-BB479D53483C}
	EndProjectSection
EndProject
Project("{8BC9CEB8-8B4A-11D0-8D11-00A0C91BC942}") = "ZERO_CHECK", "..\\ZERO_CHECK.vcxproj", "{5ABAD168-C370-3941-AB9F-BB479D53483C}"
	ProjectSection(ProjectDependencies) = postProject
	EndProjectSection
EndProject
Global
	GlobalSection(SolutionConfigurationPlatforms) = preSolution
		Debug|x64 = Debug|x64
		Release|x64 = Release|x64
		MinSizeRel|x64 = MinSizeRel|x64
		RelWithDebInfo|x64 = RelWithDebInfo|x64
	EndGlobalSection
	GlobalSection(ProjectConfigurationPlatforms) = postSolution
		{9FBFF91B-C16C-3183-91F6-28C57B962E87}.Debug|x64.ActiveCfg = Debug|x64
		{9FBFF91B-C16C-3183-91F6-28C57B962E87}.Release|x64.ActiveCfg = Release|x64
		{9FBFF91B-C16C-3183-91F6-28C57B962E87}.MinSizeRel|x64.ActiveCfg = MinSizeRel|x64
		{9FBFF91B-C16C-3183-91F6-28C57B962E87}.RelWithDebInfo|x64.ActiveCfg = RelWithDebInfo|x64
		{5E52B1A5-C2AD-3F48-B0F4-7F41A3CD4BF4}.Debug|x64.ActiveCfg = Debug|x64
		{5E52B1A5-C2AD-3F48-B0F4-7F41A3CD4BF4}.Debug|x64.Build.0 = Debug|x64
		{5E52B1A5-C2AD-3F48-B0F4-7F41A3CD4BF4}.Release|x64.ActiveCfg = Release|x64
		{5E52B1A5-C2AD-3F48-B0F4-7F41A3CD4BF4}.Release|x64.Build.0 = Release|x64
		{5E52B1A5-C2AD-3F48-B0F4-7F41A3CD4BF4}.MinSizeRel|x64.ActiveCfg = MinSizeRel|x64
		{5E52B1A5-C2AD-3F48-B0F4-7F41A3CD4BF4}.MinSizeRel|x64.Build.0 = MinSizeRel|x64
		{5E52B1A5-C2AD-3F48-B0F4-7F41A3CD4BF4}.RelWithDebInfo|x64.ActiveCfg = RelWithDebInfo|x64
		{5E52B1A5-C2AD-3F48-B0F4-7F41A3CD4BF4}.RelWithDebInfo|x64.Build.0 = RelWithDebInfo|x64
		{5ABAD168-C370-3941-AB9F-BB479D53483C}.Debug|x64.ActiveCfg = Debug|x64
		{5ABAD168-C370-3941-AB9F-BB479D53483C}.Debug|x64.Build.0 = Debug|x64
		{5ABAD168-C370-3941-AB9F-BB479D53483C}.Release|x64.ActiveCfg = Release|x64
		{5ABAD168-C370-3941-AB9F-BB479D53483C}.Release|x64.Build.0 = Release|x64
		{5ABAD168-C370-3941-AB9F-BB479D53483C}.MinSizeRel|x64.ActiveCfg = MinSizeRel|x64
		{5ABAD168-C370-3941-AB9F-BB479D53483C}.MinSizeRel|x64.Build.0 = MinSizeRel|x64
		{5ABAD168-C370-3941-AB9F-BB479D53483C}.RelWithDebInfo|x64.ActiveCfg = RelWithDebInfo|x64
		{5ABAD168-C370-3941-AB9F-BB479D53483C}.RelWithDebInfo|x64.Build.0 = RelWithDebInfo|x64
	EndGlobalSection
	GlobalSection(ExtensibilityGlobals) = postSolution
		SolutionGuid = {5AF0634D-EBDA-3B72-AC63-752C9DB285BE}
	EndGlobalSection
	GlobalSection(ExtensibilityAddIns) = postSolution
	EndGlobalSection
EndGlobal
